
Microsoft Visual Studio Solution File, Format Version 12.00
# Visual Studio Version 17
VisualStudioVersion = 17.6.33829.357
MinimumVisualStudioVersion = 10.0.40219.1
Project("{FAE04EC0-301F-11D3-BF4B-00C04F79EFBC}") = "LearnMyCalculatorApp.Tests", "LearnMyCalculatorApp.Tests\LearnMyCalculatorApp.Tests.csproj", "{959CB8F9-2A38-402C-A712-E78CC314CAB9}"
EndProject
Project("{FAE04EC0-301F-11D3-BF4B-00C04F79EFBC}") = "LearnMyCalculartoApp", "LearnMyCalculartoApp\LearnMyCalculartoApp.csproj", "{098E7C9F-8850-442F-875A-4FC7895B9B5C}"
EndProject
Global
	GlobalSection(SolutionConfigurationPlatforms) = preSolution
		Debug|Any CPU = Debug|Any CPU
		Release|Any CPU = Release|Any CPU
	EndGlobalSection
	GlobalSection(ProjectConfigurationPlatforms) = postSolution
		{959CB8F9-2A38-402C-A712-E78CC314CAB9}.Debug|Any CPU.ActiveCfg = Debug|Any CPU
		{959CB8F9-2A38-402C-A712-E78CC314CAB9}.Debug|Any CPU.Build.0 = Debug|Any CPU
		{959CB8F9-2A38-402C-A712-E78CC314CAB9}.Release|Any CPU.ActiveCfg = Release|Any CPU
		{959CB8F9-2A38-402C-A712-E78CC314CAB9}.Release|Any CPU.Build.0 = Release|Any CPU
		{098E7C9F-8850-442F-875A-4FC7895B9B5C}.Debug|Any CPU.ActiveCfg = Debug|Any CPU
		{098E7C9F-8850-442F-875A-4FC7895B9B5C}.Debug|Any CPU.Build.0 = Debug|Any CPU
		{098E7C9F-8850-442F-875A-4FC7895B9B5C}.Release|Any CPU.ActiveCfg = Release|Any CPU
		{098E7C9F-8850-442F-875A-4FC7895B9B5C}.Release|Any CPU.Build.0 = Release|Any CPU
	EndGlobalSection
	GlobalSection(SolutionProperties) = preSolution
		HideSolutionNode = FALSE
	EndGlobalSection
	GlobalSection(ExtensibilityGlobals) = postSolution
		SolutionGuid = {A18CBF7C-50BF-43CB-AF6C-EC6816D76AD8}
	EndGlobalSection
EndGlobal
